
Microsoft Visual Studio Solution File, Format Version 12.00
# Visual Studio Version 17
VisualStudioVersion = 17.3.32825.248
MinimumVisualStudioVersion = 10.0.40219.1
Project("{F184B08F-C81C-45F6-A57F-5ABD9991F28F}") = "Sander Template", "Sander Template\Sander Template.vbproj", "{FCCE74B8-AC6A-4C01-B208-E8350469306C}"
EndProject
Global
	GlobalSection(SolutionConfigurationPlatforms) = preSolution
		Debug|Any CPU = Debug|Any CPU
		Release|Any CPU = Release|Any CPU
	EndGlobalSection
	GlobalSection(ProjectConfigurationPlatforms) = postSolution
		{FCCE74B8-AC6A-4C01-B208-E8350469306C}.Debug|Any CPU.ActiveCfg = Debug|Any CPU
		{FCCE74B8-AC6A-4C01-B208-E8350469306C}.Debug|Any CPU.Build.0 = Debug|Any CPU
		{FCCE74B8-AC6A-4C01-B208-E8350469306C}.Release|Any CPU.ActiveCfg = Release|Any CPU
		{FCCE74B8-AC6A-4C01-B208-E8350469306C}.Release|Any CPU.Build.0 = Release|Any CPU
	EndGlobalSection
	GlobalSection(SolutionProperties) = preSolution
		HideSolutionNode = FALSE
	EndGlobalSection
	GlobalSection(ExtensibilityGlobals) = postSolution
		SolutionGuid = {FB293C4E-6F86-4A1A-8380-E0EB9B8EBC84}
	EndGlobalSection
EndGlobal
